
Microsoft Visual Studio Solution File, Format Version 12.00
# Visual Studio Version 17
VisualStudioVersion = 17.0.31903.59
MinimumVisualStudioVersion = 10.0.40219.1
Project("{2150E333-8FDC-42A3-9474-1A3956D46DE8}") = "Core Packages", "Core Packages", "{A1B2C3D4-E5F6-7890-ABCD-EF123456789A}"
EndProject
Project("{2150E333-8FDC-42A3-9474-1A3956D46DE8}") = "Extension Packages", "Extension Packages", "{B2C3D4E5-F6A7-8901-BCDE-F234567890AB}"
EndProject
Project("{2150E333-8FDC-42A3-9474-1A3956D46DE8}") = "Core Extensions", "Core Extensions", "{C3D4E5F6-A7B8-9012-CDEF-345678901ABC}"
EndProject
Project("{2150E333-8FDC-42A3-9474-1A3956D46DE8}") = "Platform Extensions", "Platform Extensions", "{D4E5F6A7-B8C9-0123-DEF0-456789012BCD}"
EndProject
Project("{2150E333-8FDC-42A3-9474-1A3956D46DE8}") = "Authentication Extensions", "Authentication Extensions", "{E5F6A7B8-C9D0-1234-EF01-567890123CDE}"
EndProject
Project("{2150E333-8FDC-42A3-9474-1A3956D46DE8}") = "Analyzers", "Analyzers", "{F6A7B8C9-D0E1-2345-F012-678901234DEF}"
EndProject
Project("{2150E333-8FDC-42A3-9474-1A3956D46DE8}") = "Tests", "Tests", "{A7B8C9D0-E1F2-3456-0123-789012345EF0}"
EndProject
Project("{FAE04EC0-301F-11D3-BF4B-00C04F79EFBC}") = "Convex.Client", "src\Convex.Client\Convex.Client.csproj", "{4E700852-B252-42FA-A641-3D64455358A9}"
EndProject
Project("{FAE04EC0-301F-11D3-BF4B-00C04F79EFBC}") = "Convex.FunctionGenerator", "src\Convex.FunctionGenerator\Convex.FunctionGenerator.csproj", "{7052B90D-35E0-46BB-A304-CE9265CE17F6}"
EndProject
Project("{FAE04EC0-301F-11D3-BF4B-00C04F79EFBC}") = "Convex.Client.Extensions", "src\Convex.Client.Extensions\Convex.Client.Extensions.csproj", "{BE7CDAD1-DCCB-48EE-BD74-C387D7584093}"
EndProject
Project("{FAE04EC0-301F-11D3-BF4B-00C04F79EFBC}") = "Convex.Client.Extensions.DependencyInjection", "src\Convex.Client.Extensions.DependencyInjection\Convex.Client.Extensions.DependencyInjection.csproj", "{B6C7D8E9-F0A1-2345-1234-6789ABCDEF01}"
EndProject
Project("{FAE04EC0-301F-11D3-BF4B-00C04F79EFBC}") = "Convex.Client.Extensions.AspNetCore", "src\Convex.Client.Extensions.AspNetCore\Convex.Client.Extensions.AspNetCore.csproj", "{694C8D0D-B62F-5F88-D3EF-DB6B51AA6DC5}"
EndProject
Project("{FAE04EC0-301F-11D3-BF4B-00C04F79EFBC}") = "Convex.Client.Extensions.Blazor", "src\Convex.Client.Extensions.Blazor\Convex.Client.Extensions.Blazor.csproj", "{68521B9F-DB1E-4458-A5B7-5CA8A556DD28}"
EndProject
Project("{FAE04EC0-301F-11D3-BF4B-00C04F79EFBC}") = "Convex.Client.Extensions.Clerk", "src\Convex.Client.Extensions.Clerk\Convex.Client.Extensions.Clerk.csproj", "{E3F4A5B6-C7D8-9012-EF01-3456789ABCDE}"
EndProject
Project("{FAE04EC0-301F-11D3-BF4B-00C04F79EFBC}") = "Convex.Client.Extensions.Clerk.Blazor", "src\Convex.Client.Extensions.Clerk.Blazor\Convex.Client.Extensions.Clerk.Blazor.csproj", "{F4A5B6C7-D8E9-0123-F012-456789ABCDEF}"
EndProject
Project("{FAE04EC0-301F-11D3-BF4B-00C04F79EFBC}") = "Convex.Client.Extensions.Clerk.Godot", "src\Convex.Client.Extensions.Clerk.Godot\Convex.Client.Extensions.Clerk.Godot.csproj", "{A5B6C7D8-E9F0-1234-0123-56789ABCDEF0}"
EndProject
Project("{FAE04EC0-301F-11D3-BF4B-00C04F79EFBC}") = "Convex.Client.Analyzer", "src\Convex.Client.Analyzer\Convex.Client.Analyzer.csproj", "{A1B2C3D4-E5F6-7890-ABCD-EF1234567890}"
EndProject
Project("{FAE04EC0-301F-11D3-BF4B-00C04F79EFBC}") = "Convex.Client.Analyzer.CodeFixes", "src\Convex.Client.Analyzer.CodeFixes\Convex.Client.Analyzer.CodeFixes.csproj", "{B2C3D4E5-F6A7-8901-BCDE-F23456789012}"
EndProject
Project("{FAE04EC0-301F-11D3-BF4B-00C04F79EFBC}") = "Convex.Client.Analyzer.Test", "src\Convex.Client.Analyzer.Test\Convex.Client.Analyzer.Test.csproj", "{68D1FE9B-AB98-40D4-855B-974622D31EFB}"
EndProject
Project("{FAE04EC0-301F-11D3-BF4B-00C04F79EFBC}") = "Convex.Client.ArchitectureTests", "tests\Convex.Client.ArchitectureTests\Convex.Client.ArchitectureTests.csproj", "{59EC6702-916D-4F1A-8F3A-8C48FD8ADBBE}"
EndProject
Project("{FAE04EC0-301F-11D3-BF4B-00C04F79EFBC}") = "Convex.Client.Tests.Unit", "tests\Convex.Client.Tests.Unit\Convex.Client.Tests.Unit.csproj", "{AE05A45C-B21E-4AB4-8EBC-AFCADFB6B851}"
EndProject
Global
	GlobalSection(SolutionConfigurationPlatforms) = preSolution
		Debug|Any CPU = Debug|Any CPU
		Debug|x64 = Debug|x64
		Debug|x86 = Debug|x86
		Release|Any CPU = Release|Any CPU
		Release|x64 = Release|x64
		Release|x86 = Release|x86
	EndGlobalSection
	GlobalSection(ProjectConfigurationPlatforms) = postSolution
		{4E700852-B252-42FA-A641-3D64455358A9}.Debug|Any CPU.ActiveCfg = Debug|Any CPU
		{4E700852-B252-42FA-A641-3D64455358A9}.Debug|Any CPU.Build.0 = Debug|Any CPU
		{4E700852-B252-42FA-A641-3D64455358A9}.Debug|x64.ActiveCfg = Debug|Any CPU
		{4E700852-B252-42FA-A641-3D64455358A9}.Debug|x64.Build.0 = Debug|Any CPU
		{4E700852-B252-42FA-A641-3D64455358A9}.Debug|x86.ActiveCfg = Debug|Any CPU
		{4E700852-B252-42FA-A641-3D64455358A9}.Debug|x86.Build.0 = Debug|Any CPU
		{4E700852-B252-42FA-A641-3D64455358A9}.Release|Any CPU.ActiveCfg = Release|Any CPU
		{4E700852-B252-42FA-A641-3D64455358A9}.Release|Any CPU.Build.0 = Release|Any CPU
		{4E700852-B252-42FA-A641-3D64455358A9}.Release|x64.ActiveCfg = Release|Any CPU
		{4E700852-B252-42FA-A641-3D64455358A9}.Release|x64.Build.0 = Release|Any CPU
		{4E700852-B252-42FA-A641-3D64455358A9}.Release|x86.ActiveCfg = Release|Any CPU
		{4E700852-B252-42FA-A641-3D64455358A9}.Release|x86.Build.0 = Release|Any CPU
		{7052B90D-35E0-46BB-A304-CE9265CE17F6}.Debug|Any CPU.ActiveCfg = Debug|Any CPU
		{7052B90D-35E0-46BB-A304-CE9265CE17F6}.Debug|Any CPU.Build.0 = Debug|Any CPU
		{7052B90D-35E0-46BB-A304-CE9265CE17F6}.Debug|x64.ActiveCfg = Debug|Any CPU
		{7052B90D-35E0-46BB-A304-CE9265CE17F6}.Debug|x64.Build.0 = Debug|Any CPU
		{7052B90D-35E0-46BB-A304-CE9265CE17F6}.Debug|x86.ActiveCfg = Debug|Any CPU
		{7052B90D-35E0-46BB-A304-CE9265CE17F6}.Debug|x86.Build.0 = Debug|Any CPU
		{7052B90D-35E0-46BB-A304-CE9265CE17F6}.Release|Any CPU.ActiveCfg = Release|Any CPU
		{7052B90D-35E0-46BB-A304-CE9265CE17F6}.Release|Any CPU.Build.0 = Release|Any CPU
		{7052B90D-35E0-46BB-A304-CE9265CE17F6}.Release|x64.ActiveCfg = Release|Any CPU
		{7052B90D-35E0-46BB-A304-CE9265CE17F6}.Release|x64.Build.0 = Release|Any CPU
		{7052B90D-35E0-46BB-A304-CE9265CE17F6}.Release|x86.ActiveCfg = Release|Any CPU
		{7052B90D-35E0-46BB-A304-CE9265CE17F6}.Release|x86.Build.0 = Release|Any CPU
		{BE7CDAD1-DCCB-48EE-BD74-C387D7584093}.Debug|Any CPU.ActiveCfg = Debug|Any CPU
		{BE7CDAD1-DCCB-48EE-BD74-C387D7584093}.Debug|Any CPU.Build.0 = Debug|Any CPU
		{BE7CDAD1-DCCB-48EE-BD74-C387D7584093}.Debug|x64.ActiveCfg = Debug|Any CPU
		{BE7CDAD1-DCCB-48EE-BD74-C387D7584093}.Debug|x64.Build.0 = Debug|Any CPU
		{BE7CDAD1-DCCB-48EE-BD74-C387D7584093}.Debug|x86.ActiveCfg = Debug|Any CPU
		{BE7CDAD1-DCCB-48EE-BD74-C387D7584093}.Debug|x86.Build.0 = Debug|Any CPU
		{BE7CDAD1-DCCB-48EE-BD74-C387D7584093}.Release|Any CPU.ActiveCfg = Release|Any CPU
		{BE7CDAD1-DCCB-48EE-BD74-C387D7584093}.Release|Any CPU.Build.0 = Release|Any CPU
		{BE7CDAD1-DCCB-48EE-BD74-C387D7584093}.Release|x64.ActiveCfg = Release|Any CPU
		{BE7CDAD1-DCCB-48EE-BD74-C387D7584093}.Release|x64.Build.0 = Release|Any CPU
		{BE7CDAD1-DCCB-48EE-BD74-C387D7584093}.Release|x86.ActiveCfg = Release|Any CPU
		{BE7CDAD1-DCCB-48EE-BD74-C387D7584093}.Release|x86.Build.0 = Release|Any CPU
		{B6C7D8E9-F0A1-2345-1234-6789ABCDEF01}.Debug|Any CPU.ActiveCfg = Debug|Any CPU
		{B6C7D8E9-F0A1-2345-1234-6789ABCDEF01}.Debug|Any CPU.Build.0 = Debug|Any CPU
		{B6C7D8E9-F0A1-2345-1234-6789ABCDEF01}.Debug|x64.ActiveCfg = Debug|Any CPU
		{B6C7D8E9-F0A1-2345-1234-6789ABCDEF01}.Debug|x64.Build.0 = Debug|Any CPU
		{B6C7D8E9-F0A1-2345-1234-6789ABCDEF01}.Debug|x86.ActiveCfg = Debug|Any CPU
		{B6C7D8E9-F0A1-2345-1234-6789ABCDEF01}.Debug|x86.Build.0 = Debug|Any CPU
		{B6C7D8E9-F0A1-2345-1234-6789ABCDEF01}.Release|Any CPU.ActiveCfg = Release|Any CPU
		{B6C7D8E9-F0A1-2345-1234-6789ABCDEF01}.Release|Any CPU.Build.0 = Release|Any CPU
		{B6C7D8E9-F0A1-2345-1234-6789ABCDEF01}.Release|x64.ActiveCfg = Release|Any CPU
		{B6C7D8E9-F0A1-2345-1234-6789ABCDEF01}.Release|x64.Build.0 = Release|Any CPU
		{B6C7D8E9-F0A1-2345-1234-6789ABCDEF01}.Release|x86.ActiveCfg = Release|Any CPU
		{B6C7D8E9-F0A1-2345-1234-6789ABCDEF01}.Release|x86.Build.0 = Release|Any CPU
		{694C8D0D-B62F-5F88-D3EF-DB6B51AA6DC5}.Debug|Any CPU.ActiveCfg = Debug|Any CPU
		{694C8D0D-B62F-5F88-D3EF-DB6B51AA6DC5}.Debug|Any CPU.Build.0 = Debug|Any CPU
		{694C8D0D-B62F-5F88-D3EF-DB6B51AA6DC5}.Debug|x64.ActiveCfg = Debug|Any CPU
		{694C8D0D-B62F-5F88-D3EF-DB6B51AA6DC5}.Debug|x64.Build.0 = Debug|Any CPU
		{694C8D0D-B62F-5F88-D3EF-DB6B51AA6DC5}.Debug|x86.ActiveCfg = Debug|Any CPU
		{694C8D0D-B62F-5F88-D3EF-DB6B51AA6DC5}.Debug|x86.Build.0 = Debug|Any CPU
		{694C8D0D-B62F-5F88-D3EF-DB6B51AA6DC5}.Release|Any CPU.ActiveCfg = Release|Any CPU
		{694C8D0D-B62F-5F88-D3EF-DB6B51AA6DC5}.Release|Any CPU.Build.0 = Release|Any CPU
		{694C8D0D-B62F-5F88-D3EF-DB6B51AA6DC5}.Release|x64.ActiveCfg = Release|Any CPU
		{694C8D0D-B62F-5F88-D3EF-DB6B51AA6DC5}.Release|x64.Build.0 = Release|Any CPU
		{694C8D0D-B62F-5F88-D3EF-DB6B51AA6DC5}.Release|x86.ActiveCfg = Release|Any CPU
		{694C8D0D-B62F-5F88-D3EF-DB6B51AA6DC5}.Release|x86.Build.0 = Release|Any CPU
		{68521B9F-DB1E-4458-A5B7-5CA8A556DD28}.Debug|Any CPU.ActiveCfg = Debug|Any CPU
		{68521B9F-DB1E-4458-A5B7-5CA8A556DD28}.Debug|Any CPU.Build.0 = Debug|Any CPU
		{68521B9F-DB1E-4458-A5B7-5CA8A556DD28}.Debug|x64.ActiveCfg = Debug|Any CPU
		{68521B9F-DB1E-4458-A5B7-5CA8A556DD28}.Debug|x64.Build.0 = Debug|Any CPU
		{68521B9F-DB1E-4458-A5B7-5CA8A556DD28}.Debug|x86.ActiveCfg = Debug|Any CPU
		{68521B9F-DB1E-4458-A5B7-5CA8A556DD28}.Debug|x86.Build.0 = Debug|Any CPU
		{68521B9F-DB1E-4458-A5B7-5CA8A556DD28}.Release|Any CPU.ActiveCfg = Release|Any CPU
		{68521B9F-DB1E-4458-A5B7-5CA8A556DD28}.Release|Any CPU.Build.0 = Release|Any CPU
		{68521B9F-DB1E-4458-A5B7-5CA8A556DD28}.Release|x64.ActiveCfg = Release|Any CPU
		{68521B9F-DB1E-4458-A5B7-5CA8A556DD28}.Release|x64.Build.0 = Release|Any CPU
		{68521B9F-DB1E-4458-A5B7-5CA8A556DD28}.Release|x86.ActiveCfg = Release|Any CPU
		{68521B9F-DB1E-4458-A5B7-5CA8A556DD28}.Release|x86.Build.0 = Release|Any CPU
		{E3F4A5B6-C7D8-9012-EF01-3456789ABCDE}.Debug|Any CPU.ActiveCfg = Debug|Any CPU
		{E3F4A5B6-C7D8-9012-EF01-3456789ABCDE}.Debug|Any CPU.Build.0 = Debug|Any CPU
		{E3F4A5B6-C7D8-9012-EF01-3456789ABCDE}.Debug|x64.ActiveCfg = Debug|Any CPU
		{E3F4A5B6-C7D8-9012-EF01-3456789ABCDE}.Debug|x64.Build.0 = Debug|Any CPU
		{E3F4A5B6-C7D8-9012-EF01-3456789ABCDE}.Debug|x86.ActiveCfg = Debug|Any CPU
		{E3F4A5B6-C7D8-9012-EF01-3456789ABCDE}.Debug|x86.Build.0 = Debug|Any CPU
		{E3F4A5B6-C7D8-9012-EF01-3456789ABCDE}.Release|Any CPU.ActiveCfg = Release|Any CPU
		{E3F4A5B6-C7D8-9012-EF01-3456789ABCDE}.Release|Any CPU.Build.0 = Release|Any CPU
		{E3F4A5B6-C7D8-9012-EF01-3456789ABCDE}.Release|x64.ActiveCfg = Release|Any CPU
		{E3F4A5B6-C7D8-9012-EF01-3456789ABCDE}.Release|x64.Build.0 = Release|Any CPU
		{E3F4A5B6-C7D8-9012-EF01-3456789ABCDE}.Release|x86.ActiveCfg = Release|Any CPU
		{E3F4A5B6-C7D8-9012-EF01-3456789ABCDE}.Release|x86.Build.0 = Release|Any CPU
		{F4A5B6C7-D8E9-0123-F012-456789ABCDEF}.Debug|Any CPU.ActiveCfg = Debug|Any CPU
		{F4A5B6C7-D8E9-0123-F012-456789ABCDEF}.Debug|Any CPU.Build.0 = Debug|Any CPU
		{F4A5B6C7-D8E9-0123-F012-456789ABCDEF}.Debug|x64.ActiveCfg = Debug|Any CPU
		{F4A5B6C7-D8E9-0123-F012-456789ABCDEF}.Debug|x64.Build.0 = Debug|Any CPU
		{F4A5B6C7-D8E9-0123-F012-456789ABCDEF}.Debug|x86.ActiveCfg = Debug|Any CPU
		{F4A5B6C7-D8E9-0123-F012-456789ABCDEF}.Debug|x86.Build.0 = Debug|Any CPU
		{F4A5B6C7-D8E9-0123-F012-456789ABCDEF}.Release|Any CPU.ActiveCfg = Release|Any CPU
		{F4A5B6C7-D8E9-0123-F012-456789ABCDEF}.Release|Any CPU.Build.0 = Release|Any CPU
		{F4A5B6C7-D8E9-0123-F012-456789ABCDEF}.Release|x64.ActiveCfg = Release|Any CPU
		{F4A5B6C7-D8E9-0123-F012-456789ABCDEF}.Release|x64.Build.0 = Release|Any CPU
		{F4A5B6C7-D8E9-0123-F012-456789ABCDEF}.Release|x86.ActiveCfg = Release|Any CPU
		{F4A5B6C7-D8E9-0123-F012-456789ABCDEF}.Release|x86.Build.0 = Release|Any CPU
		{A5B6C7D8-E9F0-1234-0123-56789ABCDEF0}.Debug|Any CPU.ActiveCfg = Debug|Any CPU
		{A5B6C7D8-E9F0-1234-0123-56789ABCDEF0}.Debug|Any CPU.Build.0 = Debug|Any CPU
		{A5B6C7D8-E9F0-1234-0123-56789ABCDEF0}.Debug|x64.ActiveCfg = Debug|Any CPU
		{A5B6C7D8-E9F0-1234-0123-56789ABCDEF0}.Debug|x64.Build.0 = Debug|Any CPU
		{A5B6C7D8-E9F0-1234-0123-56789ABCDEF0}.Debug|x86.ActiveCfg = Debug|Any CPU
		{A5B6C7D8-E9F0-1234-0123-56789ABCDEF0}.Debug|x86.Build.0 = Debug|Any CPU
		{A5B6C7D8-E9F0-1234-0123-56789ABCDEF0}.Release|Any CPU.ActiveCfg = Release|Any CPU
		{A5B6C7D8-E9F0-1234-0123-56789ABCDEF0}.Release|Any CPU.Build.0 = Release|Any CPU
		{A5B6C7D8-E9F0-1234-0123-56789ABCDEF0}.Release|x64.ActiveCfg = Release|Any CPU
		{A5B6C7D8-E9F0-1234-0123-56789ABCDEF0}.Release|x64.Build.0 = Release|Any CPU
		{A5B6C7D8-E9F0-1234-0123-56789ABCDEF0}.Release|x86.ActiveCfg = Release|Any CPU
		{A5B6C7D8-E9F0-1234-0123-56789ABCDEF0}.Release|x86.Build.0 = Release|Any CPU
		{A1B2C3D4-E5F6-7890-ABCD-EF1234567890}.Debug|Any CPU.ActiveCfg = Debug|Any CPU
		{A1B2C3D4-E5F6-7890-ABCD-EF1234567890}.Debug|Any CPU.Build.0 = Debug|Any CPU
		{A1B2C3D4-E5F6-7890-ABCD-EF1234567890}.Debug|x64.ActiveCfg = Debug|Any CPU
		{A1B2C3D4-E5F6-7890-ABCD-EF1234567890}.Debug|x64.Build.0 = Debug|Any CPU
		{A1B2C3D4-E5F6-7890-ABCD-EF1234567890}.Debug|x86.ActiveCfg = Debug|Any CPU
		{A1B2C3D4-E5F6-7890-ABCD-EF1234567890}.Debug|x86.Build.0 = Debug|Any CPU
		{A1B2C3D4-E5F6-7890-ABCD-EF1234567890}.Release|Any CPU.ActiveCfg = Release|Any CPU
		{A1B2C3D4-E5F6-7890-ABCD-EF1234567890}.Release|Any CPU.Build.0 = Release|Any CPU
		{A1B2C3D4-E5F6-7890-ABCD-EF1234567890}.Release|x64.ActiveCfg = Release|Any CPU
		{A1B2C3D4-E5F6-7890-ABCD-EF1234567890}.Release|x64.Build.0 = Release|Any CPU
		{A1B2C3D4-E5F6-7890-ABCD-EF1234567890}.Release|x86.ActiveCfg = Release|Any CPU
		{A1B2C3D4-E5F6-7890-ABCD-EF1234567890}.Release|x86.Build.0 = Release|Any CPU
		{B2C3D4E5-F6A7-8901-BCDE-F23456789012}.Debug|Any CPU.ActiveCfg = Debug|Any CPU
		{B2C3D4E5-F6A7-8901-BCDE-F23456789012}.Debug|Any CPU.Build.0 = Debug|Any CPU
		{B2C3D4E5-F6A7-8901-BCDE-F23456789012}.Debug|x64.ActiveCfg = Debug|Any CPU
		{B2C3D4E5-F6A7-8901-BCDE-F23456789012}.Debug|x64.Build.0 = Debug|Any CPU
		{B2C3D4E5-F6A7-8901-BCDE-F23456789012}.Debug|x86.ActiveCfg = Debug|Any CPU
		{B2C3D4E5-F6A7-8901-BCDE-F23456789012}.Debug|x86.Build.0 = Debug|Any CPU
		{B2C3D4E5-F6A7-8901-BCDE-F23456789012}.Release|Any CPU.ActiveCfg = Release|Any CPU
		{B2C3D4E5-F6A7-8901-BCDE-F23456789012}.Release|Any CPU.Build.0 = Release|Any CPU
		{B2C3D4E5-F6A7-8901-BCDE-F23456789012}.Release|x64.ActiveCfg = Release|Any CPU
		{B2C3D4E5-F6A7-8901-BCDE-F23456789012}.Release|x64.Build.0 = Release|Any CPU
		{B2C3D4E5-F6A7-8901-BCDE-F23456789012}.Release|x86.ActiveCfg = Release|Any CPU
		{B2C3D4E5-F6A7-8901-BCDE-F23456789012}.Release|x86.Build.0 = Release|Any CPU
		{68D1FE9B-AB98-40D4-855B-974622D31EFB}.Debug|Any CPU.ActiveCfg = Debug|Any CPU
		{68D1FE9B-AB98-40D4-855B-974622D31EFB}.Debug|Any CPU.Build.0 = Debug|Any CPU
		{68D1FE9B-AB98-40D4-855B-974622D31EFB}.Debug|x64.ActiveCfg = Debug|Any CPU
		{68D1FE9B-AB98-40D4-855B-974622D31EFB}.Debug|x64.Build.0 = Debug|Any CPU
		{68D1FE9B-AB98-40D4-855B-974622D31EFB}.Debug|x86.ActiveCfg = Debug|Any CPU
		{68D1FE9B-AB98-40D4-855B-974622D31EFB}.Debug|x86.Build.0 = Debug|Any CPU
		{68D1FE9B-AB98-40D4-855B-974622D31EFB}.Release|Any CPU.ActiveCfg = Release|Any CPU
		{68D1FE9B-AB98-40D4-855B-974622D31EFB}.Release|Any CPU.Build.0 = Release|Any CPU
		{68D1FE9B-AB98-40D4-855B-974622D31EFB}.Release|x64.ActiveCfg = Release|Any CPU
		{68D1FE9B-AB98-40D4-855B-974622D31EFB}.Release|x64.Build.0 = Release|Any CPU
		{68D1FE9B-AB98-40D4-855B-974622D31EFB}.Release|x86.ActiveCfg = Release|Any CPU
		{68D1FE9B-AB98-40D4-855B-974622D31EFB}.Release|x86.Build.0 = Release|Any CPU
		{59EC6702-916D-4F1A-8F3A-8C48FD8ADBBE}.Debug|Any CPU.ActiveCfg = Debug|Any CPU
		{59EC6702-916D-4F1A-8F3A-8C48FD8ADBBE}.Debug|Any CPU.Build.0 = Debug|Any CPU
		{59EC6702-916D-4F1A-8F3A-8C48FD8ADBBE}.Debug|x64.ActiveCfg = Debug|Any CPU
		{59EC6702-916D-4F1A-8F3A-8C48FD8ADBBE}.Debug|x64.Build.0 = Debug|Any CPU
		{59EC6702-916D-4F1A-8F3A-8C48FD8ADBBE}.Debug|x86.ActiveCfg = Debug|Any CPU
		{59EC6702-916D-4F1A-8F3A-8C48FD8ADBBE}.Debug|x86.Build.0 = Debug|Any CPU
		{59EC6702-916D-4F1A-8F3A-8C48FD8ADBBE}.Release|Any CPU.ActiveCfg = Release|Any CPU
		{59EC6702-916D-4F1A-8F3A-8C48FD8ADBBE}.Release|Any CPU.Build.0 = Release|Any CPU
		{59EC6702-916D-4F1A-8F3A-8C48FD8ADBBE}.Release|x64.ActiveCfg = Release|Any CPU
		{59EC6702-916D-4F1A-8F3A-8C48FD8ADBBE}.Release|x64.Build.0 = Release|Any CPU
		{59EC6702-916D-4F1A-8F3A-8C48FD8ADBBE}.Release|x86.ActiveCfg = Release|Any CPU
		{59EC6702-916D-4F1A-8F3A-8C48FD8ADBBE}.Release|x86.Build.0 = Release|Any CPU
		{AE05A45C-B21E-4AB4-8EBC-AFCADFB6B851}.Debug|Any CPU.ActiveCfg = Debug|Any CPU
		{AE05A45C-B21E-4AB4-8EBC-AFCADFB6B851}.Debug|Any CPU.Build.0 = Debug|Any CPU
		{AE05A45C-B21E-4AB4-8EBC-AFCADFB6B851}.Debug|x64.ActiveCfg = Debug|Any CPU
		{AE05A45C-B21E-4AB4-8EBC-AFCADFB6B851}.Debug|x64.Build.0 = Debug|Any CPU
		{AE05A45C-B21E-4AB4-8EBC-AFCADFB6B851}.Debug|x86.ActiveCfg = Debug|Any CPU
		{AE05A45C-B21E-4AB4-8EBC-AFCADFB6B851}.Debug|x86.Build.0 = Debug|Any CPU
		{AE05A45C-B21E-4AB4-8EBC-AFCADFB6B851}.Release|Any CPU.ActiveCfg = Release|Any CPU
		{AE05A45C-B21E-4AB4-8EBC-AFCADFB6B851}.Release|Any CPU.Build.0 = Release|Any CPU
		{AE05A45C-B21E-4AB4-8EBC-AFCADFB6B851}.Release|x64.ActiveCfg = Release|Any CPU
		{AE05A45C-B21E-4AB4-8EBC-AFCADFB6B851}.Release|x64.Build.0 = Release|Any CPU
		{AE05A45C-B21E-4AB4-8EBC-AFCADFB6B851}.Release|x86.ActiveCfg = Release|Any CPU
		{AE05A45C-B21E-4AB4-8EBC-AFCADFB6B851}.Release|x86.Build.0 = Release|Any CPU
	EndGlobalSection
	GlobalSection(SolutionProperties) = preSolution
		HideSolutionNode = FALSE
	EndGlobalSection
	GlobalSection(NestedProjects) = preSolution
		{C3D4E5F6-A7B8-9012-CDEF-345678901ABC} = {B2C3D4E5-F6A7-8901-BCDE-F234567890AB}
		{D4E5F6A7-B8C9-0123-DEF0-456789012BCD} = {B2C3D4E5-F6A7-8901-BCDE-F234567890AB}
		{E5F6A7B8-C9D0-1234-EF01-567890123CDE} = {B2C3D4E5-F6A7-8901-BCDE-F234567890AB}
		{4E700852-B252-42FA-A641-3D64455358A9} = {A1B2C3D4-E5F6-7890-ABCD-EF123456789A}
		{7052B90D-35E0-46BB-A304-CE9265CE17F6} = {A1B2C3D4-E5F6-7890-ABCD-EF123456789A}
		{BE7CDAD1-DCCB-48EE-BD74-C387D7584093} = {C3D4E5F6-A7B8-9012-CDEF-345678901ABC}
		{B6C7D8E9-F0A1-2345-1234-6789ABCDEF01} = {C3D4E5F6-A7B8-9012-CDEF-345678901ABC}
		{694C8D0D-B62F-5F88-D3EF-DB6B51AA6DC5} = {D4E5F6A7-B8C9-0123-DEF0-456789012BCD}
		{68521B9F-DB1E-4458-A5B7-5CA8A556DD28} = {D4E5F6A7-B8C9-0123-DEF0-456789012BCD}
		{E3F4A5B6-C7D8-9012-EF01-3456789ABCDE} = {E5F6A7B8-C9D0-1234-EF01-567890123CDE}
		{F4A5B6C7-D8E9-0123-F012-456789ABCDEF} = {E5F6A7B8-C9D0-1234-EF01-567890123CDE}
		{A5B6C7D8-E9F0-1234-0123-56789ABCDEF0} = {E5F6A7B8-C9D0-1234-EF01-567890123CDE}
		{A1B2C3D4-E5F6-7890-ABCD-EF1234567890} = {F6A7B8C9-D0E1-2345-F012-678901234DEF}
		{B2C3D4E5-F6A7-8901-BCDE-F23456789012} = {F6A7B8C9-D0E1-2345-F012-678901234DEF}
		{68D1FE9B-AB98-40D4-855B-974622D31EFB} = {F6A7B8C9-D0E1-2345-F012-678901234DEF}
		{59EC6702-916D-4F1A-8F3A-8C48FD8ADBBE} = {A7B8C9D0-E1F2-3456-0123-789012345EF0}
		{AE05A45C-B21E-4AB4-8EBC-AFCADFB6B851} = {A7B8C9D0-E1F2-3456-0123-789012345EF0}
	EndGlobalSection
	GlobalSection(ExtensibilityGlobals) = postSolution
		SolutionGuid = {BC4F5497-F769-45C0-845D-C96619B69625}
	EndGlobalSection
EndGlobal
