
Microsoft Visual Studio Solution File, Format Version 12.00
# Visual Studio Version 17
VisualStudioVersion = 17.0.31903.59
MinimumVisualStudioVersion = 10.0.40219.1
Project("{2150E333-8FDC-42A3-9474-1A3956D46DE8}") = "Core Packages", "Core Packages", "{A1B2C3D4-E5F6-7890-ABCD-EF123456789A}"
EndProject
Project("{2150E333-8FDC-42A3-9474-1A3956D46DE8}") = "Analyzers", "Analyzers", "{F6A7B8C9-D0E1-2345-F012-678901234DEF}"
EndProject
Project("{2150E333-8FDC-42A3-9474-1A3956D46DE8}") = "Tests", "Tests", "{A7B8C9D0-E1F2-3456-0123-789012345EF0}"
EndProject
Project("{FAE04EC0-301F-11D3-BF4B-00C04F79EFBC}") = "Convex.Client", "src\Convex.Client\Convex.Client.csproj", "{4E700852-B252-42FA-A641-3D64455358A9}"
EndProject
Project("{FAE04EC0-301F-11D3-BF4B-00C04F79EFBC}") = "Convex.SourceGenerator", "src\Convex.SourceGenerator\Convex.SourceGenerator.csproj", "{12345678-90AB-CDEF-1234-567890ABCDEF}"
EndProject
Project("{FAE04EC0-301F-11D3-BF4B-00C04F79EFBC}") = "Convex.Client.Analyzer", "src\Convex.Client.Analyzer\Convex.Client.Analyzer.csproj", "{A1B2C3D4-E5F6-7890-ABCD-EF1234567890}"
EndProject
Project("{FAE04EC0-301F-11D3-BF4B-00C04F79EFBC}") = "Convex.Client.Analyzer.CodeFixes", "src\Convex.Client.Analyzer.CodeFixes\Convex.Client.Analyzer.CodeFixes.csproj", "{B2C3D4E5-F6A7-8901-BCDE-F23456789012}"
EndProject
Project("{FAE04EC0-301F-11D3-BF4B-00C04F79EFBC}") = "Convex.Client.Analyzer.Test", "src\Convex.Client.Analyzer.Test\Convex.Client.Analyzer.Test.csproj", "{68D1FE9B-AB98-40D4-855B-974622D31EFB}"
EndProject
Project("{FAE04EC0-301F-11D3-BF4B-00C04F79EFBC}") = "Convex.Client.ArchitectureTests", "tests\Convex.Client.ArchitectureTests\Convex.Client.ArchitectureTests.csproj", "{59EC6702-916D-4F1A-8F3A-8C48FD8ADBBE}"
EndProject
Project("{FAE04EC0-301F-11D3-BF4B-00C04F79EFBC}") = "Convex.Client.Tests.Unit", "tests\Convex.Client.Tests.Unit\Convex.Client.Tests.Unit.csproj", "{AE05A45C-B21E-4AB4-8EBC-AFCADFB6B851}"
EndProject
Project("{FAE04EC0-301F-11D3-BF4B-00C04F79EFBC}") = "Convex.Client.Tests.Integration", "tests\Convex.Client.Tests.Integration\Convex.Client.Tests.Integration.csproj", "{1A841E9F-AA5C-4898-A766-E628ABCE63C3}"
EndProject
Project("{FAE04EC0-301F-11D3-BF4B-00C04F79EFBC}") = "Convex.SourceGenerator.Tests", "tests\Convex.SourceGenerator.Tests\Convex.SourceGenerator.Tests.csproj", "{FBA07BAD-4E94-4DBC-A342-DDB12A0171C7}"
EndProject
Project("{2150E333-8FDC-42A3-9474-1A3956D46DE8}") = "src", "src", "{827E0CD3-B72D-47B6-A68D-7590B98EB39B}"
EndProject
Project("{FAE04EC0-301F-11D3-BF4B-00C04F79EFBC}") = "Convex.Client.Blazor", "src\Convex.Client.Blazor\Convex.Client.Blazor.csproj", "{086DFEA4-9F45-4FAC-A457-9F09905BC6DF}"
EndProject
Project("{FAE04EC0-301F-11D3-BF4B-00C04F79EFBC}") = "Convex.Client.AspNetCore", "src\Convex.Client.AspNetCore\Convex.Client.AspNetCore.csproj", "{B3C0E894-0B16-42C4-9389-333582B88C96}"
EndProject
Global
	GlobalSection(SolutionConfigurationPlatforms) = preSolution
		Debug|Any CPU = Debug|Any CPU
		Debug|x64 = Debug|x64
		Debug|x86 = Debug|x86
		Release|Any CPU = Release|Any CPU
		Release|x64 = Release|x64
		Release|x86 = Release|x86
	EndGlobalSection
	GlobalSection(ProjectConfigurationPlatforms) = postSolution
		{4E700852-B252-42FA-A641-3D64455358A9}.Debug|Any CPU.ActiveCfg = Debug|Any CPU
		{4E700852-B252-42FA-A641-3D64455358A9}.Debug|Any CPU.Build.0 = Debug|Any CPU
		{4E700852-B252-42FA-A641-3D64455358A9}.Debug|x64.ActiveCfg = Debug|Any CPU
		{4E700852-B252-42FA-A641-3D64455358A9}.Debug|x64.Build.0 = Debug|Any CPU
		{4E700852-B252-42FA-A641-3D64455358A9}.Debug|x86.ActiveCfg = Debug|Any CPU
		{4E700852-B252-42FA-A641-3D64455358A9}.Debug|x86.Build.0 = Debug|Any CPU
		{4E700852-B252-42FA-A641-3D64455358A9}.Release|Any CPU.ActiveCfg = Release|Any CPU
		{4E700852-B252-42FA-A641-3D64455358A9}.Release|Any CPU.Build.0 = Release|Any CPU
		{4E700852-B252-42FA-A641-3D64455358A9}.Release|x64.ActiveCfg = Release|Any CPU
		{4E700852-B252-42FA-A641-3D64455358A9}.Release|x64.Build.0 = Release|Any CPU
		{4E700852-B252-42FA-A641-3D64455358A9}.Release|x86.ActiveCfg = Release|Any CPU
		{4E700852-B252-42FA-A641-3D64455358A9}.Release|x86.Build.0 = Release|Any CPU
		{12345678-90AB-CDEF-1234-567890ABCDEF}.Debug|Any CPU.ActiveCfg = Debug|Any CPU
		{12345678-90AB-CDEF-1234-567890ABCDEF}.Debug|Any CPU.Build.0 = Debug|Any CPU
		{12345678-90AB-CDEF-1234-567890ABCDEF}.Debug|x64.ActiveCfg = Debug|Any CPU
		{12345678-90AB-CDEF-1234-567890ABCDEF}.Debug|x64.Build.0 = Debug|Any CPU
		{12345678-90AB-CDEF-1234-567890ABCDEF}.Debug|x86.ActiveCfg = Debug|Any CPU
		{12345678-90AB-CDEF-1234-567890ABCDEF}.Debug|x86.Build.0 = Debug|Any CPU
		{12345678-90AB-CDEF-1234-567890ABCDEF}.Release|Any CPU.ActiveCfg = Release|Any CPU
		{12345678-90AB-CDEF-1234-567890ABCDEF}.Release|Any CPU.Build.0 = Release|Any CPU
		{12345678-90AB-CDEF-1234-567890ABCDEF}.Release|x64.ActiveCfg = Release|Any CPU
		{12345678-90AB-CDEF-1234-567890ABCDEF}.Release|x64.Build.0 = Release|Any CPU
		{12345678-90AB-CDEF-1234-567890ABCDEF}.Release|x86.ActiveCfg = Release|Any CPU
		{12345678-90AB-CDEF-1234-567890ABCDEF}.Release|x86.Build.0 = Release|Any CPU
		{A1B2C3D4-E5F6-7890-ABCD-EF1234567890}.Debug|Any CPU.ActiveCfg = Debug|Any CPU
		{A1B2C3D4-E5F6-7890-ABCD-EF1234567890}.Debug|Any CPU.Build.0 = Debug|Any CPU
		{A1B2C3D4-E5F6-7890-ABCD-EF1234567890}.Debug|x64.ActiveCfg = Debug|Any CPU
		{A1B2C3D4-E5F6-7890-ABCD-EF1234567890}.Debug|x64.Build.0 = Debug|Any CPU
		{A1B2C3D4-E5F6-7890-ABCD-EF1234567890}.Debug|x86.ActiveCfg = Debug|Any CPU
		{A1B2C3D4-E5F6-7890-ABCD-EF1234567890}.Debug|x86.Build.0 = Debug|Any CPU
		{A1B2C3D4-E5F6-7890-ABCD-EF1234567890}.Release|Any CPU.ActiveCfg = Release|Any CPU
		{A1B2C3D4-E5F6-7890-ABCD-EF1234567890}.Release|Any CPU.Build.0 = Release|Any CPU
		{A1B2C3D4-E5F6-7890-ABCD-EF1234567890}.Release|x64.ActiveCfg = Release|Any CPU
		{A1B2C3D4-E5F6-7890-ABCD-EF1234567890}.Release|x64.Build.0 = Release|Any CPU
		{A1B2C3D4-E5F6-7890-ABCD-EF1234567890}.Release|x86.ActiveCfg = Release|Any CPU
		{A1B2C3D4-E5F6-7890-ABCD-EF1234567890}.Release|x86.Build.0 = Release|Any CPU
		{B2C3D4E5-F6A7-8901-BCDE-F23456789012}.Debug|Any CPU.ActiveCfg = Debug|Any CPU
		{B2C3D4E5-F6A7-8901-BCDE-F23456789012}.Debug|Any CPU.Build.0 = Debug|Any CPU
		{B2C3D4E5-F6A7-8901-BCDE-F23456789012}.Debug|x64.ActiveCfg = Debug|Any CPU
		{B2C3D4E5-F6A7-8901-BCDE-F23456789012}.Debug|x64.Build.0 = Debug|Any CPU
		{B2C3D4E5-F6A7-8901-BCDE-F23456789012}.Debug|x86.ActiveCfg = Debug|Any CPU
		{B2C3D4E5-F6A7-8901-BCDE-F23456789012}.Debug|x86.Build.0 = Debug|Any CPU
		{B2C3D4E5-F6A7-8901-BCDE-F23456789012}.Release|Any CPU.ActiveCfg = Release|Any CPU
		{B2C3D4E5-F6A7-8901-BCDE-F23456789012}.Release|Any CPU.Build.0 = Release|Any CPU
		{B2C3D4E5-F6A7-8901-BCDE-F23456789012}.Release|x64.ActiveCfg = Release|Any CPU
		{B2C3D4E5-F6A7-8901-BCDE-F23456789012}.Release|x64.Build.0 = Release|Any CPU
		{B2C3D4E5-F6A7-8901-BCDE-F23456789012}.Release|x86.ActiveCfg = Release|Any CPU
		{B2C3D4E5-F6A7-8901-BCDE-F23456789012}.Release|x86.Build.0 = Release|Any CPU
		{68D1FE9B-AB98-40D4-855B-974622D31EFB}.Debug|Any CPU.ActiveCfg = Debug|Any CPU
		{68D1FE9B-AB98-40D4-855B-974622D31EFB}.Debug|Any CPU.Build.0 = Debug|Any CPU
		{68D1FE9B-AB98-40D4-855B-974622D31EFB}.Debug|x64.ActiveCfg = Debug|Any CPU
		{68D1FE9B-AB98-40D4-855B-974622D31EFB}.Debug|x64.Build.0 = Debug|Any CPU
		{68D1FE9B-AB98-40D4-855B-974622D31EFB}.Debug|x86.ActiveCfg = Debug|Any CPU
		{68D1FE9B-AB98-40D4-855B-974622D31EFB}.Debug|x86.Build.0 = Debug|Any CPU
		{68D1FE9B-AB98-40D4-855B-974622D31EFB}.Release|Any CPU.ActiveCfg = Release|Any CPU
		{68D1FE9B-AB98-40D4-855B-974622D31EFB}.Release|Any CPU.Build.0 = Release|Any CPU
		{68D1FE9B-AB98-40D4-855B-974622D31EFB}.Release|x64.ActiveCfg = Release|Any CPU
		{68D1FE9B-AB98-40D4-855B-974622D31EFB}.Release|x64.Build.0 = Release|Any CPU
		{68D1FE9B-AB98-40D4-855B-974622D31EFB}.Release|x86.ActiveCfg = Release|Any CPU
		{68D1FE9B-AB98-40D4-855B-974622D31EFB}.Release|x86.Build.0 = Release|Any CPU
		{59EC6702-916D-4F1A-8F3A-8C48FD8ADBBE}.Debug|Any CPU.ActiveCfg = Debug|Any CPU
		{59EC6702-916D-4F1A-8F3A-8C48FD8ADBBE}.Debug|Any CPU.Build.0 = Debug|Any CPU
		{59EC6702-916D-4F1A-8F3A-8C48FD8ADBBE}.Debug|x64.ActiveCfg = Debug|Any CPU
		{59EC6702-916D-4F1A-8F3A-8C48FD8ADBBE}.Debug|x64.Build.0 = Debug|Any CPU
		{59EC6702-916D-4F1A-8F3A-8C48FD8ADBBE}.Debug|x86.ActiveCfg = Debug|Any CPU
		{59EC6702-916D-4F1A-8F3A-8C48FD8ADBBE}.Debug|x86.Build.0 = Debug|Any CPU
		{59EC6702-916D-4F1A-8F3A-8C48FD8ADBBE}.Release|Any CPU.ActiveCfg = Release|Any CPU
		{59EC6702-916D-4F1A-8F3A-8C48FD8ADBBE}.Release|Any CPU.Build.0 = Release|Any CPU
		{59EC6702-916D-4F1A-8F3A-8C48FD8ADBBE}.Release|x64.ActiveCfg = Release|Any CPU
		{59EC6702-916D-4F1A-8F3A-8C48FD8ADBBE}.Release|x64.Build.0 = Release|Any CPU
		{59EC6702-916D-4F1A-8F3A-8C48FD8ADBBE}.Release|x86.ActiveCfg = Release|Any CPU
		{59EC6702-916D-4F1A-8F3A-8C48FD8ADBBE}.Release|x86.Build.0 = Release|Any CPU
		{AE05A45C-B21E-4AB4-8EBC-AFCADFB6B851}.Debug|Any CPU.ActiveCfg = Debug|Any CPU
		{AE05A45C-B21E-4AB4-8EBC-AFCADFB6B851}.Debug|Any CPU.Build.0 = Debug|Any CPU
		{AE05A45C-B21E-4AB4-8EBC-AFCADFB6B851}.Debug|x64.ActiveCfg = Debug|Any CPU
		{AE05A45C-B21E-4AB4-8EBC-AFCADFB6B851}.Debug|x64.Build.0 = Debug|Any CPU
		{AE05A45C-B21E-4AB4-8EBC-AFCADFB6B851}.Debug|x86.ActiveCfg = Debug|Any CPU
		{AE05A45C-B21E-4AB4-8EBC-AFCADFB6B851}.Debug|x86.Build.0 = Debug|Any CPU
		{AE05A45C-B21E-4AB4-8EBC-AFCADFB6B851}.Release|Any CPU.ActiveCfg = Release|Any CPU
		{AE05A45C-B21E-4AB4-8EBC-AFCADFB6B851}.Release|Any CPU.Build.0 = Release|Any CPU
		{AE05A45C-B21E-4AB4-8EBC-AFCADFB6B851}.Release|x64.ActiveCfg = Release|Any CPU
		{AE05A45C-B21E-4AB4-8EBC-AFCADFB6B851}.Release|x64.Build.0 = Release|Any CPU
		{AE05A45C-B21E-4AB4-8EBC-AFCADFB6B851}.Release|x86.ActiveCfg = Release|Any CPU
		{AE05A45C-B21E-4AB4-8EBC-AFCADFB6B851}.Release|x86.Build.0 = Release|Any CPU
		{1A841E9F-AA5C-4898-A766-E628ABCE63C3}.Debug|Any CPU.ActiveCfg = Debug|Any CPU
		{1A841E9F-AA5C-4898-A766-E628ABCE63C3}.Debug|Any CPU.Build.0 = Debug|Any CPU
		{1A841E9F-AA5C-4898-A766-E628ABCE63C3}.Debug|x64.ActiveCfg = Debug|Any CPU
		{1A841E9F-AA5C-4898-A766-E628ABCE63C3}.Debug|x64.Build.0 = Debug|Any CPU
		{1A841E9F-AA5C-4898-A766-E628ABCE63C3}.Debug|x86.ActiveCfg = Debug|Any CPU
		{1A841E9F-AA5C-4898-A766-E628ABCE63C3}.Debug|x86.Build.0 = Debug|Any CPU
		{1A841E9F-AA5C-4898-A766-E628ABCE63C3}.Release|Any CPU.ActiveCfg = Release|Any CPU
		{1A841E9F-AA5C-4898-A766-E628ABCE63C3}.Release|Any CPU.Build.0 = Release|Any CPU
		{1A841E9F-AA5C-4898-A766-E628ABCE63C3}.Release|x64.ActiveCfg = Release|Any CPU
		{1A841E9F-AA5C-4898-A766-E628ABCE63C3}.Release|x64.Build.0 = Release|Any CPU
		{1A841E9F-AA5C-4898-A766-E628ABCE63C3}.Release|x86.ActiveCfg = Release|Any CPU
		{1A841E9F-AA5C-4898-A766-E628ABCE63C3}.Release|x86.Build.0 = Release|Any CPU
		{FBA07BAD-4E94-4DBC-A342-DDB12A0171C7}.Debug|Any CPU.ActiveCfg = Debug|Any CPU
		{FBA07BAD-4E94-4DBC-A342-DDB12A0171C7}.Debug|Any CPU.Build.0 = Debug|Any CPU
		{FBA07BAD-4E94-4DBC-A342-DDB12A0171C7}.Debug|x64.ActiveCfg = Debug|Any CPU
		{FBA07BAD-4E94-4DBC-A342-DDB12A0171C7}.Debug|x64.Build.0 = Debug|Any CPU
		{FBA07BAD-4E94-4DBC-A342-DDB12A0171C7}.Debug|x86.ActiveCfg = Debug|Any CPU
		{FBA07BAD-4E94-4DBC-A342-DDB12A0171C7}.Debug|x86.Build.0 = Debug|Any CPU
		{FBA07BAD-4E94-4DBC-A342-DDB12A0171C7}.Release|Any CPU.ActiveCfg = Release|Any CPU
		{FBA07BAD-4E94-4DBC-A342-DDB12A0171C7}.Release|Any CPU.Build.0 = Release|Any CPU
		{FBA07BAD-4E94-4DBC-A342-DDB12A0171C7}.Release|x64.ActiveCfg = Release|Any CPU
		{FBA07BAD-4E94-4DBC-A342-DDB12A0171C7}.Release|x64.Build.0 = Release|Any CPU
		{FBA07BAD-4E94-4DBC-A342-DDB12A0171C7}.Release|x86.ActiveCfg = Release|Any CPU
		{FBA07BAD-4E94-4DBC-A342-DDB12A0171C7}.Release|x86.Build.0 = Release|Any CPU
		{086DFEA4-9F45-4FAC-A457-9F09905BC6DF}.Debug|Any CPU.ActiveCfg = Debug|Any CPU
		{086DFEA4-9F45-4FAC-A457-9F09905BC6DF}.Debug|Any CPU.Build.0 = Debug|Any CPU
		{086DFEA4-9F45-4FAC-A457-9F09905BC6DF}.Debug|x64.ActiveCfg = Debug|Any CPU
		{086DFEA4-9F45-4FAC-A457-9F09905BC6DF}.Debug|x64.Build.0 = Debug|Any CPU
		{086DFEA4-9F45-4FAC-A457-9F09905BC6DF}.Debug|x86.ActiveCfg = Debug|Any CPU
		{086DFEA4-9F45-4FAC-A457-9F09905BC6DF}.Debug|x86.Build.0 = Debug|Any CPU
		{086DFEA4-9F45-4FAC-A457-9F09905BC6DF}.Release|Any CPU.ActiveCfg = Release|Any CPU
		{086DFEA4-9F45-4FAC-A457-9F09905BC6DF}.Release|Any CPU.Build.0 = Release|Any CPU
		{086DFEA4-9F45-4FAC-A457-9F09905BC6DF}.Release|x64.ActiveCfg = Release|Any CPU
		{086DFEA4-9F45-4FAC-A457-9F09905BC6DF}.Release|x64.Build.0 = Release|Any CPU
		{086DFEA4-9F45-4FAC-A457-9F09905BC6DF}.Release|x86.ActiveCfg = Release|Any CPU
		{086DFEA4-9F45-4FAC-A457-9F09905BC6DF}.Release|x86.Build.0 = Release|Any CPU
		{B3C0E894-0B16-42C4-9389-333582B88C96}.Debug|Any CPU.ActiveCfg = Debug|Any CPU
		{B3C0E894-0B16-42C4-9389-333582B88C96}.Debug|Any CPU.Build.0 = Debug|Any CPU
		{B3C0E894-0B16-42C4-9389-333582B88C96}.Debug|x64.ActiveCfg = Debug|Any CPU
		{B3C0E894-0B16-42C4-9389-333582B88C96}.Debug|x64.Build.0 = Debug|Any CPU
		{B3C0E894-0B16-42C4-9389-333582B88C96}.Debug|x86.ActiveCfg = Debug|Any CPU
		{B3C0E894-0B16-42C4-9389-333582B88C96}.Debug|x86.Build.0 = Debug|Any CPU
		{B3C0E894-0B16-42C4-9389-333582B88C96}.Release|Any CPU.ActiveCfg = Release|Any CPU
		{B3C0E894-0B16-42C4-9389-333582B88C96}.Release|Any CPU.Build.0 = Release|Any CPU
		{B3C0E894-0B16-42C4-9389-333582B88C96}.Release|x64.ActiveCfg = Release|Any CPU
		{B3C0E894-0B16-42C4-9389-333582B88C96}.Release|x64.Build.0 = Release|Any CPU
		{B3C0E894-0B16-42C4-9389-333582B88C96}.Release|x86.ActiveCfg = Release|Any CPU
		{B3C0E894-0B16-42C4-9389-333582B88C96}.Release|x86.Build.0 = Release|Any CPU
	EndGlobalSection
	GlobalSection(SolutionProperties) = preSolution
		HideSolutionNode = FALSE
	EndGlobalSection
	GlobalSection(NestedProjects) = preSolution
		{4E700852-B252-42FA-A641-3D64455358A9} = {A1B2C3D4-E5F6-7890-ABCD-EF123456789A}
		{12345678-90AB-CDEF-1234-567890ABCDEF} = {A1B2C3D4-E5F6-7890-ABCD-EF123456789A}
		{A1B2C3D4-E5F6-7890-ABCD-EF1234567890} = {F6A7B8C9-D0E1-2345-F012-678901234DEF}
		{B2C3D4E5-F6A7-8901-BCDE-F23456789012} = {F6A7B8C9-D0E1-2345-F012-678901234DEF}
		{68D1FE9B-AB98-40D4-855B-974622D31EFB} = {F6A7B8C9-D0E1-2345-F012-678901234DEF}
		{59EC6702-916D-4F1A-8F3A-8C48FD8ADBBE} = {A7B8C9D0-E1F2-3456-0123-789012345EF0}
		{AE05A45C-B21E-4AB4-8EBC-AFCADFB6B851} = {A7B8C9D0-E1F2-3456-0123-789012345EF0}
		{1A841E9F-AA5C-4898-A766-E628ABCE63C3} = {A7B8C9D0-E1F2-3456-0123-789012345EF0}
		{FBA07BAD-4E94-4DBC-A342-DDB12A0171C7} = {A7B8C9D0-E1F2-3456-0123-789012345EF0}
		{086DFEA4-9F45-4FAC-A457-9F09905BC6DF} = {827E0CD3-B72D-47B6-A68D-7590B98EB39B}
		{B3C0E894-0B16-42C4-9389-333582B88C96} = {827E0CD3-B72D-47B6-A68D-7590B98EB39B}
	EndGlobalSection
	GlobalSection(ExtensibilityGlobals) = postSolution
		SolutionGuid = {BC4F5497-F769-45C0-845D-C96619B69625}
	EndGlobalSection
EndGlobal
