
Microsoft Visual Studio Solution File, Format Version 12.00
# Visual Studio Version 17
VisualStudioVersion = 17.0.31903.59
MinimumVisualStudioVersion = 10.0.40219.1
Project("{2150E333-8FDC-42A3-9474-1A3956D46DE8}") = "RealTimeChat", "RealTimeChat", "{F0352D33-714B-A992-7002-B9A2BB9360FD}"
EndProject
Project("{2150E333-8FDC-42A3-9474-1A3956D46DE8}") = "BlazorRealtimeChat", "BlazorRealtimeChat", "{97B3175F-C8E9-5853-EC8C-2CDF6097ADA3}"
EndProject
Project("{2150E333-8FDC-42A3-9474-1A3956D46DE8}") = "frontend", "frontend", "{51443FC4-1BF2-FEC3-88E1-BC13FF4C9864}"
EndProject
Project("{FAE04EC0-301F-11D3-BF4B-00C04F79EFBC}") = "RealtimeChat.Frontend", "RealTimeChat\BlazorRealtimeChat\frontend\RealtimeChat.Frontend.csproj", "{5843BA35-A5EA-4457-BB77-A9FEBB318EB9}"
EndProject
Project("{FAE04EC0-301F-11D3-BF4B-00C04F79EFBC}") = "WpfRealTimeChat", "RealTimeChat\WpfRealTimeChat\WpfRealTimeChat.csproj", "{9336235E-58B0-49E0-907E-4F5343D134BB}"
EndProject
Project("{FAE04EC0-301F-11D3-BF4B-00C04F79EFBC}") = "RealtimeChat.Shared", "RealTimeChat\RealtimeChat.Shared\RealtimeChat.Shared.csproj", "{A1B2C3D4-E5F6-7890-ABCD-EF1234567891}"
EndProject
Project("{FAE04EC0-301F-11D3-BF4B-00C04F79EFBC}") = "GodotRealtimeChat", "RealTimeChat\GodotRealtimeChat\GodotRealtimeChat.csproj", "{100CA52B-D693-4DDA-9240-8AC36015E82F}"
EndProject
Project("{FAE04EC0-301F-11D3-BF4B-00C04F79EFBC}") = "SeedDatabase", "RealTimeChat\SeedDatabase\SeedDatabase.csproj", "{A35095C5-2407-464A-860B-B678FFD595C6}"
EndProject
Project("{2150E333-8FDC-42A3-9474-1A3956D46DE8}") = "RealTimeChatClerk", "RealTimeChatClerk", "{A5CCEA5A-0E89-B497-7770-ACC32DFC628D}"
EndProject
Project("{2150E333-8FDC-42A3-9474-1A3956D46DE8}") = "BlazorRealtimeChatClerk", "BlazorRealtimeChatClerk", "{E9F0A1B2-C3D4-5678-4567-9ABCDEF01234}"
EndProject
Project("{2150E333-8FDC-42A3-9474-1A3956D46DE8}") = "frontend", "frontend", "{F0A1B2C3-D4E5-6789-5678-ABCDEF012345}"
EndProject
Project("{FAE04EC0-301F-11D3-BF4B-00C04F79EFBC}") = "RealtimeChat.Frontend", "RealTimeChatClerk\BlazorRealtimeChatClerk\frontend\RealtimeChat.Frontend.csproj", "{A1B2C3D4-E5F6-7890-6789-BCDEF0123456}"
EndProject
Project("{FAE04EC0-301F-11D3-BF4B-00C04F79EFBC}") = "RealtimeChatClerk.Shared", "RealTimeChatClerk\RealtimeChatClerk.Shared\RealtimeChatClerk.Shared.csproj", "{D8E9F0A1-B2C3-4567-3456-89ABCDEF0123}"
EndProject
Project("{FAE04EC0-301F-11D3-BF4B-00C04F79EFBC}") = "GodotRealtimeChatClerk", "RealTimeChatClerk\GodotRealtimeChatClerk\GodotRealtimeChatClerk.csproj", "{77394A68-9E9A-4746-A567-5BAD15815182}"
EndProject
Project("{2150E333-8FDC-42A3-9474-1A3956D46DE8}") = "TicTacToe", "TicTacToe", "{19132832-0017-C3EC-E2BC-92D307E64759}"
EndProject
Project("{2150E333-8FDC-42A3-9474-1A3956D46DE8}") = "client", "client", "{14B0C465-6458-8E3C-C5A1-A971968602D2}"
EndProject
Project("{FAE04EC0-301F-11D3-BF4B-00C04F79EFBC}") = "TicTacToe.Shared", "TicTacToe\client\TicTacToe.Shared\TicTacToe.Shared.csproj", "{74000E58-3051-4AAA-98C5-9A8FD29E59CD}"
EndProject
Project("{FAE04EC0-301F-11D3-BF4B-00C04F79EFBC}") = "TicTacToe.Blazor", "TicTacToe\client\TicTacToe.Blazor\TicTacToe.Blazor.csproj", "{E455D123-FC44-4B5B-993F-57CF4372E2C9}"
EndProject
Project("{2150E333-8FDC-42A3-9474-1A3956D46DE8}") = "CursorPlayground", "CursorPlayground", "{C1234567-8901-2345-6789-012345678901}"
EndProject
Project("{2150E333-8FDC-42A3-9474-1A3956D46DE8}") = "client", "client", "{C2345678-9012-3456-7890-123456789012}"
EndProject
Project("{FAE04EC0-301F-11D3-BF4B-00C04F79EFBC}") = "CursorPlayground.Shared", "CursorPlayground\client\CursorPlayground.Shared\CursorPlayground.Shared.csproj", "{C3456789-0123-4567-8901-234567890123}"
EndProject
Project("{FAE04EC0-301F-11D3-BF4B-00C04F79EFBC}") = "CursorPlayground.Blazor", "CursorPlayground\client\CursorPlayground.Blazor\CursorPlayground.Blazor.csproj", "{C4567890-1234-5678-9012-345678901234}"
EndProject
Global
	GlobalSection(SolutionConfigurationPlatforms) = preSolution
		Debug|Any CPU = Debug|Any CPU
		Debug|x64 = Debug|x64
		Debug|x86 = Debug|x86
		Release|Any CPU = Release|Any CPU
		Release|x64 = Release|x64
		Release|x86 = Release|x86
	EndGlobalSection
	GlobalSection(ProjectConfigurationPlatforms) = postSolution
		{5843BA35-A5EA-4457-BB77-A9FEBB318EB9}.Debug|Any CPU.ActiveCfg = Debug|Any CPU
		{5843BA35-A5EA-4457-BB77-A9FEBB318EB9}.Debug|Any CPU.Build.0 = Debug|Any CPU
		{5843BA35-A5EA-4457-BB77-A9FEBB318EB9}.Debug|x64.ActiveCfg = Debug|Any CPU
		{5843BA35-A5EA-4457-BB77-A9FEBB318EB9}.Debug|x64.Build.0 = Debug|Any CPU
		{5843BA35-A5EA-4457-BB77-A9FEBB318EB9}.Debug|x86.ActiveCfg = Debug|Any CPU
		{5843BA35-A5EA-4457-BB77-A9FEBB318EB9}.Debug|x86.Build.0 = Debug|Any CPU
		{5843BA35-A5EA-4457-BB77-A9FEBB318EB9}.Release|Any CPU.ActiveCfg = Release|Any CPU
		{5843BA35-A5EA-4457-BB77-A9FEBB318EB9}.Release|Any CPU.Build.0 = Release|Any CPU
		{5843BA35-A5EA-4457-BB77-A9FEBB318EB9}.Release|x64.ActiveCfg = Release|Any CPU
		{5843BA35-A5EA-4457-BB77-A9FEBB318EB9}.Release|x64.Build.0 = Release|Any CPU
		{5843BA35-A5EA-4457-BB77-A9FEBB318EB9}.Release|x86.ActiveCfg = Release|Any CPU
		{5843BA35-A5EA-4457-BB77-A9FEBB318EB9}.Release|x86.Build.0 = Release|Any CPU
		{9336235E-58B0-49E0-907E-4F5343D134BB}.Debug|Any CPU.ActiveCfg = Debug|Any CPU
		{9336235E-58B0-49E0-907E-4F5343D134BB}.Debug|Any CPU.Build.0 = Debug|Any CPU
		{9336235E-58B0-49E0-907E-4F5343D134BB}.Debug|x64.ActiveCfg = Debug|Any CPU
		{9336235E-58B0-49E0-907E-4F5343D134BB}.Debug|x64.Build.0 = Debug|Any CPU
		{9336235E-58B0-49E0-907E-4F5343D134BB}.Debug|x86.ActiveCfg = Debug|Any CPU
		{9336235E-58B0-49E0-907E-4F5343D134BB}.Debug|x86.Build.0 = Debug|Any CPU
		{9336235E-58B0-49E0-907E-4F5343D134BB}.Release|Any CPU.ActiveCfg = Release|Any CPU
		{9336235E-58B0-49E0-907E-4F5343D134BB}.Release|Any CPU.Build.0 = Release|Any CPU
		{9336235E-58B0-49E0-907E-4F5343D134BB}.Release|x64.ActiveCfg = Release|Any CPU
		{9336235E-58B0-49E0-907E-4F5343D134BB}.Release|x64.Build.0 = Release|Any CPU
		{9336235E-58B0-49E0-907E-4F5343D134BB}.Release|x86.ActiveCfg = Release|Any CPU
		{9336235E-58B0-49E0-907E-4F5343D134BB}.Release|x86.Build.0 = Release|Any CPU
		{A1B2C3D4-E5F6-7890-ABCD-EF1234567891}.Debug|Any CPU.ActiveCfg = Debug|Any CPU
		{A1B2C3D4-E5F6-7890-ABCD-EF1234567891}.Debug|Any CPU.Build.0 = Debug|Any CPU
		{A1B2C3D4-E5F6-7890-ABCD-EF1234567891}.Debug|x64.ActiveCfg = Debug|Any CPU
		{A1B2C3D4-E5F6-7890-ABCD-EF1234567891}.Debug|x64.Build.0 = Debug|Any CPU
		{A1B2C3D4-E5F6-7890-ABCD-EF1234567891}.Debug|x86.ActiveCfg = Debug|Any CPU
		{A1B2C3D4-E5F6-7890-ABCD-EF1234567891}.Debug|x86.Build.0 = Debug|Any CPU
		{A1B2C3D4-E5F6-7890-ABCD-EF1234567891}.Release|Any CPU.ActiveCfg = Release|Any CPU
		{A1B2C3D4-E5F6-7890-ABCD-EF1234567891}.Release|Any CPU.Build.0 = Release|Any CPU
		{A1B2C3D4-E5F6-7890-ABCD-EF1234567891}.Release|x64.ActiveCfg = Release|Any CPU
		{A1B2C3D4-E5F6-7890-ABCD-EF1234567891}.Release|x64.Build.0 = Release|Any CPU
		{A1B2C3D4-E5F6-7890-ABCD-EF1234567891}.Release|x86.ActiveCfg = Release|Any CPU
		{A1B2C3D4-E5F6-7890-ABCD-EF1234567891}.Release|x86.Build.0 = Release|Any CPU
		{100CA52B-D693-4DDA-9240-8AC36015E82F}.Debug|Any CPU.ActiveCfg = Debug|Any CPU
		{100CA52B-D693-4DDA-9240-8AC36015E82F}.Debug|Any CPU.Build.0 = Debug|Any CPU
		{100CA52B-D693-4DDA-9240-8AC36015E82F}.Debug|x64.ActiveCfg = Debug|Any CPU
		{100CA52B-D693-4DDA-9240-8AC36015E82F}.Debug|x64.Build.0 = Debug|Any CPU
		{100CA52B-D693-4DDA-9240-8AC36015E82F}.Debug|x86.ActiveCfg = Debug|Any CPU
		{100CA52B-D693-4DDA-9240-8AC36015E82F}.Debug|x86.Build.0 = Debug|Any CPU
		{100CA52B-D693-4DDA-9240-8AC36015E82F}.Release|Any CPU.ActiveCfg = Debug|Any CPU
		{100CA52B-D693-4DDA-9240-8AC36015E82F}.Release|Any CPU.Build.0 = Debug|Any CPU
		{100CA52B-D693-4DDA-9240-8AC36015E82F}.Release|x64.ActiveCfg = Debug|Any CPU
		{100CA52B-D693-4DDA-9240-8AC36015E82F}.Release|x64.Build.0 = Debug|Any CPU
		{100CA52B-D693-4DDA-9240-8AC36015E82F}.Release|x86.ActiveCfg = Debug|Any CPU
		{100CA52B-D693-4DDA-9240-8AC36015E82F}.Release|x86.Build.0 = Debug|Any CPU
		{A35095C5-2407-464A-860B-B678FFD595C6}.Debug|Any CPU.ActiveCfg = Debug|Any CPU
		{A35095C5-2407-464A-860B-B678FFD595C6}.Debug|Any CPU.Build.0 = Debug|Any CPU
		{A35095C5-2407-464A-860B-B678FFD595C6}.Debug|x64.ActiveCfg = Debug|Any CPU
		{A35095C5-2407-464A-860B-B678FFD595C6}.Debug|x64.Build.0 = Debug|Any CPU
		{A35095C5-2407-464A-860B-B678FFD595C6}.Debug|x86.ActiveCfg = Debug|Any CPU
		{A35095C5-2407-464A-860B-B678FFD595C6}.Debug|x86.Build.0 = Debug|Any CPU
		{A35095C5-2407-464A-860B-B678FFD595C6}.Release|Any CPU.ActiveCfg = Release|Any CPU
		{A35095C5-2407-464A-860B-B678FFD595C6}.Release|Any CPU.Build.0 = Release|Any CPU
		{A35095C5-2407-464A-860B-B678FFD595C6}.Release|x64.ActiveCfg = Release|Any CPU
		{A35095C5-2407-464A-860B-B678FFD595C6}.Release|x64.Build.0 = Release|Any CPU
		{A35095C5-2407-464A-860B-B678FFD595C6}.Release|x86.ActiveCfg = Release|Any CPU
		{A35095C5-2407-464A-860B-B678FFD595C6}.Release|x86.Build.0 = Release|Any CPU
		{A1B2C3D4-E5F6-7890-6789-BCDEF0123456}.Debug|Any CPU.ActiveCfg = Debug|Any CPU
		{A1B2C3D4-E5F6-7890-6789-BCDEF0123456}.Debug|Any CPU.Build.0 = Debug|Any CPU
		{A1B2C3D4-E5F6-7890-6789-BCDEF0123456}.Debug|x64.ActiveCfg = Debug|Any CPU
		{A1B2C3D4-E5F6-7890-6789-BCDEF0123456}.Debug|x64.Build.0 = Debug|Any CPU
		{A1B2C3D4-E5F6-7890-6789-BCDEF0123456}.Debug|x86.ActiveCfg = Debug|Any CPU
		{A1B2C3D4-E5F6-7890-6789-BCDEF0123456}.Debug|x86.Build.0 = Debug|Any CPU
		{A1B2C3D4-E5F6-7890-6789-BCDEF0123456}.Release|Any CPU.ActiveCfg = Release|Any CPU
		{A1B2C3D4-E5F6-7890-6789-BCDEF0123456}.Release|Any CPU.Build.0 = Release|Any CPU
		{A1B2C3D4-E5F6-7890-6789-BCDEF0123456}.Release|x64.ActiveCfg = Release|Any CPU
		{A1B2C3D4-E5F6-7890-6789-BCDEF0123456}.Release|x64.Build.0 = Release|Any CPU
		{A1B2C3D4-E5F6-7890-6789-BCDEF0123456}.Release|x86.ActiveCfg = Release|Any CPU
		{A1B2C3D4-E5F6-7890-6789-BCDEF0123456}.Release|x86.Build.0 = Release|Any CPU
		{D8E9F0A1-B2C3-4567-3456-89ABCDEF0123}.Debug|Any CPU.ActiveCfg = Debug|Any CPU
		{D8E9F0A1-B2C3-4567-3456-89ABCDEF0123}.Debug|Any CPU.Build.0 = Debug|Any CPU
		{D8E9F0A1-B2C3-4567-3456-89ABCDEF0123}.Debug|x64.ActiveCfg = Debug|Any CPU
		{D8E9F0A1-B2C3-4567-3456-89ABCDEF0123}.Debug|x64.Build.0 = Debug|Any CPU
		{D8E9F0A1-B2C3-4567-3456-89ABCDEF0123}.Debug|x86.ActiveCfg = Debug|Any CPU
		{D8E9F0A1-B2C3-4567-3456-89ABCDEF0123}.Debug|x86.Build.0 = Debug|Any CPU
		{D8E9F0A1-B2C3-4567-3456-89ABCDEF0123}.Release|Any CPU.ActiveCfg = Release|Any CPU
		{D8E9F0A1-B2C3-4567-3456-89ABCDEF0123}.Release|Any CPU.Build.0 = Release|Any CPU
		{D8E9F0A1-B2C3-4567-3456-89ABCDEF0123}.Release|x64.ActiveCfg = Release|Any CPU
		{D8E9F0A1-B2C3-4567-3456-89ABCDEF0123}.Release|x64.Build.0 = Release|Any CPU
		{D8E9F0A1-B2C3-4567-3456-89ABCDEF0123}.Release|x86.ActiveCfg = Release|Any CPU
		{D8E9F0A1-B2C3-4567-3456-89ABCDEF0123}.Release|x86.Build.0 = Release|Any CPU
		{77394A68-9E9A-4746-A567-5BAD15815182}.Debug|Any CPU.ActiveCfg = Debug|Any CPU
		{77394A68-9E9A-4746-A567-5BAD15815182}.Debug|Any CPU.Build.0 = Debug|Any CPU
		{77394A68-9E9A-4746-A567-5BAD15815182}.Debug|x64.ActiveCfg = Debug|Any CPU
		{77394A68-9E9A-4746-A567-5BAD15815182}.Debug|x64.Build.0 = Debug|Any CPU
		{77394A68-9E9A-4746-A567-5BAD15815182}.Debug|x86.ActiveCfg = Debug|Any CPU
		{77394A68-9E9A-4746-A567-5BAD15815182}.Debug|x86.Build.0 = Debug|Any CPU
		{77394A68-9E9A-4746-A567-5BAD15815182}.Release|Any CPU.ActiveCfg = Debug|Any CPU
		{77394A68-9E9A-4746-A567-5BAD15815182}.Release|Any CPU.Build.0 = Debug|Any CPU
		{77394A68-9E9A-4746-A567-5BAD15815182}.Release|x64.ActiveCfg = Debug|Any CPU
		{77394A68-9E9A-4746-A567-5BAD15815182}.Release|x64.Build.0 = Debug|Any CPU
		{77394A68-9E9A-4746-A567-5BAD15815182}.Release|x86.ActiveCfg = Debug|Any CPU
		{77394A68-9E9A-4746-A567-5BAD15815182}.Release|x86.Build.0 = Debug|Any CPU
		{74000E58-3051-4AAA-98C5-9A8FD29E59CD}.Debug|Any CPU.ActiveCfg = Debug|Any CPU
		{74000E58-3051-4AAA-98C5-9A8FD29E59CD}.Debug|Any CPU.Build.0 = Debug|Any CPU
		{74000E58-3051-4AAA-98C5-9A8FD29E59CD}.Debug|x64.ActiveCfg = Debug|Any CPU
		{74000E58-3051-4AAA-98C5-9A8FD29E59CD}.Debug|x64.Build.0 = Debug|Any CPU
		{74000E58-3051-4AAA-98C5-9A8FD29E59CD}.Debug|x86.ActiveCfg = Debug|Any CPU
		{74000E58-3051-4AAA-98C5-9A8FD29E59CD}.Debug|x86.Build.0 = Debug|Any CPU
		{74000E58-3051-4AAA-98C5-9A8FD29E59CD}.Release|Any CPU.ActiveCfg = Release|Any CPU
		{74000E58-3051-4AAA-98C5-9A8FD29E59CD}.Release|Any CPU.Build.0 = Release|Any CPU
		{74000E58-3051-4AAA-98C5-9A8FD29E59CD}.Release|x64.ActiveCfg = Release|Any CPU
		{74000E58-3051-4AAA-98C5-9A8FD29E59CD}.Release|x64.Build.0 = Release|Any CPU
		{74000E58-3051-4AAA-98C5-9A8FD29E59CD}.Release|x86.ActiveCfg = Release|Any CPU
		{74000E58-3051-4AAA-98C5-9A8FD29E59CD}.Release|x86.Build.0 = Release|Any CPU
		{E455D123-FC44-4B5B-993F-57CF4372E2C9}.Debug|Any CPU.ActiveCfg = Debug|Any CPU
		{E455D123-FC44-4B5B-993F-57CF4372E2C9}.Debug|Any CPU.Build.0 = Debug|Any CPU
		{E455D123-FC44-4B5B-993F-57CF4372E2C9}.Debug|x64.ActiveCfg = Debug|Any CPU
		{E455D123-FC44-4B5B-993F-57CF4372E2C9}.Debug|x64.Build.0 = Debug|Any CPU
		{E455D123-FC44-4B5B-993F-57CF4372E2C9}.Debug|x86.ActiveCfg = Debug|Any CPU
		{E455D123-FC44-4B5B-993F-57CF4372E2C9}.Debug|x86.Build.0 = Debug|Any CPU
		{E455D123-FC44-4B5B-993F-57CF4372E2C9}.Release|Any CPU.ActiveCfg = Release|Any CPU
		{E455D123-FC44-4B5B-993F-57CF4372E2C9}.Release|Any CPU.Build.0 = Release|Any CPU
		{E455D123-FC44-4B5B-993F-57CF4372E2C9}.Release|x64.ActiveCfg = Release|Any CPU
		{E455D123-FC44-4B5B-993F-57CF4372E2C9}.Release|x64.Build.0 = Release|Any CPU
		{E455D123-FC44-4B5B-993F-57CF4372E2C9}.Release|x86.ActiveCfg = Release|Any CPU
		{E455D123-FC44-4B5B-993F-57CF4372E2C9}.Release|x86.Build.0 = Release|Any CPU
		{C3456789-0123-4567-8901-234567890123}.Debug|Any CPU.ActiveCfg = Debug|Any CPU
		{C3456789-0123-4567-8901-234567890123}.Debug|Any CPU.Build.0 = Debug|Any CPU
		{C3456789-0123-4567-8901-234567890123}.Debug|x64.ActiveCfg = Debug|Any CPU
		{C3456789-0123-4567-8901-234567890123}.Debug|x64.Build.0 = Debug|Any CPU
		{C3456789-0123-4567-8901-234567890123}.Debug|x86.ActiveCfg = Debug|Any CPU
		{C3456789-0123-4567-8901-234567890123}.Debug|x86.Build.0 = Debug|Any CPU
		{C3456789-0123-4567-8901-234567890123}.Release|Any CPU.ActiveCfg = Release|Any CPU
		{C3456789-0123-4567-8901-234567890123}.Release|Any CPU.Build.0 = Release|Any CPU
		{C3456789-0123-4567-8901-234567890123}.Release|x64.ActiveCfg = Release|Any CPU
		{C3456789-0123-4567-8901-234567890123}.Release|x64.Build.0 = Release|Any CPU
		{C3456789-0123-4567-8901-234567890123}.Release|x86.ActiveCfg = Release|Any CPU
		{C3456789-0123-4567-8901-234567890123}.Release|x86.Build.0 = Release|Any CPU
		{C4567890-1234-5678-9012-345678901234}.Debug|Any CPU.ActiveCfg = Debug|Any CPU
		{C4567890-1234-5678-9012-345678901234}.Debug|Any CPU.Build.0 = Debug|Any CPU
		{C4567890-1234-5678-9012-345678901234}.Debug|x64.ActiveCfg = Debug|Any CPU
		{C4567890-1234-5678-9012-345678901234}.Debug|x64.Build.0 = Debug|Any CPU
		{C4567890-1234-5678-9012-345678901234}.Debug|x86.ActiveCfg = Debug|Any CPU
		{C4567890-1234-5678-9012-345678901234}.Debug|x86.Build.0 = Debug|Any CPU
		{C4567890-1234-5678-9012-345678901234}.Release|Any CPU.ActiveCfg = Release|Any CPU
		{C4567890-1234-5678-9012-345678901234}.Release|Any CPU.Build.0 = Release|Any CPU
		{C4567890-1234-5678-9012-345678901234}.Release|x64.ActiveCfg = Release|Any CPU
		{C4567890-1234-5678-9012-345678901234}.Release|x64.Build.0 = Release|Any CPU
		{C4567890-1234-5678-9012-345678901234}.Release|x86.ActiveCfg = Release|Any CPU
		{C4567890-1234-5678-9012-345678901234}.Release|x86.Build.0 = Release|Any CPU
	EndGlobalSection
	GlobalSection(SolutionProperties) = preSolution
		HideSolutionNode = FALSE
	EndGlobalSection
	GlobalSection(NestedProjects) = preSolution
		{97B3175F-C8E9-5853-EC8C-2CDF6097ADA3} = {F0352D33-714B-A992-7002-B9A2BB9360FD}
		{51443FC4-1BF2-FEC3-88E1-BC13FF4C9864} = {97B3175F-C8E9-5853-EC8C-2CDF6097ADA3}
		{5843BA35-A5EA-4457-BB77-A9FEBB318EB9} = {51443FC4-1BF2-FEC3-88E1-BC13FF4C9864}
		{9336235E-58B0-49E0-907E-4F5343D134BB} = {F0352D33-714B-A992-7002-B9A2BB9360FD}
		{A1B2C3D4-E5F6-7890-ABCD-EF1234567891} = {F0352D33-714B-A992-7002-B9A2BB9360FD}
		{100CA52B-D693-4DDA-9240-8AC36015E82F} = {F0352D33-714B-A992-7002-B9A2BB9360FD}
		{A35095C5-2407-464A-860B-B678FFD595C6} = {F0352D33-714B-A992-7002-B9A2BB9360FD}
		{E9F0A1B2-C3D4-5678-4567-9ABCDEF01234} = {A5CCEA5A-0E89-B497-7770-ACC32DFC628D}
		{F0A1B2C3-D4E5-6789-5678-ABCDEF012345} = {E9F0A1B2-C3D4-5678-4567-9ABCDEF01234}
		{A1B2C3D4-E5F6-7890-6789-BCDEF0123456} = {F0A1B2C3-D4E5-6789-5678-ABCDEF012345}
		{D8E9F0A1-B2C3-4567-3456-89ABCDEF0123} = {A5CCEA5A-0E89-B497-7770-ACC32DFC628D}
		{77394A68-9E9A-4746-A567-5BAD15815182} = {A5CCEA5A-0E89-B497-7770-ACC32DFC628D}
		{14B0C465-6458-8E3C-C5A1-A971968602D2} = {19132832-0017-C3EC-E2BC-92D307E64759}
		{74000E58-3051-4AAA-98C5-9A8FD29E59CD} = {14B0C465-6458-8E3C-C5A1-A971968602D2}
		{E455D123-FC44-4B5B-993F-57CF4372E2C9} = {14B0C465-6458-8E3C-C5A1-A971968602D2}
		{C2345678-9012-3456-7890-123456789012} = {C1234567-8901-2345-6789-012345678901}
		{C3456789-0123-4567-8901-234567890123} = {C2345678-9012-3456-7890-123456789012}
		{C4567890-1234-5678-9012-345678901234} = {C2345678-9012-3456-7890-123456789012}
	EndGlobalSection
	GlobalSection(ExtensibilityGlobals) = postSolution
		SolutionGuid = {BC4F5497-F769-45C0-845D-C96619B69625}
	EndGlobalSection
EndGlobal
